
Microsoft Visual Studio Solution File, Format Version 12.00
# Visual Studio Version 17
VisualStudioVersion = 17.3.32922.545
MinimumVisualStudioVersion = 10.0.40219.1
Project("{FAE04EC0-301F-11D3-BF4B-00C04F79EFBC}") = "FinalAPI_Hasaki", "FinalAPI_Hasaki.csproj", "{940EDC14-86C1-46FD-8162-8589AE4618BB}"
EndProject
Global
	GlobalSection(SolutionConfigurationPlatforms) = preSolution
		Debug|Any CPU = Debug|Any CPU
		Release|Any CPU = Release|Any CPU
	EndGlobalSection
	GlobalSection(ProjectConfigurationPlatforms) = postSolution
		{940EDC14-86C1-46FD-8162-8589AE4618BB}.Debug|Any CPU.ActiveCfg = Debug|Any CPU
		{940EDC14-86C1-46FD-8162-8589AE4618BB}.Debug|Any CPU.Build.0 = Debug|Any CPU
		{940EDC14-86C1-46FD-8162-8589AE4618BB}.Release|Any CPU.ActiveCfg = Release|Any CPU
		{940EDC14-86C1-46FD-8162-8589AE4618BB}.Release|Any CPU.Build.0 = Release|Any CPU
	EndGlobalSection
	GlobalSection(SolutionProperties) = preSolution
		HideSolutionNode = FALSE
	EndGlobalSection
	GlobalSection(ExtensibilityGlobals) = postSolution
		SolutionGuid = {E291FE29-3165-414D-A33D-D7423461E330}
	EndGlobalSection
EndGlobal
